
Microsoft Visual Studio Solution File, Format Version 12.00
# Visual Studio Version 17
VisualStudioVersion = 17.5.002.0
MinimumVisualStudioVersion = 10.0.40219.1
Project("{9A19103F-16F7-4668-BE54-9A1E7A4F7556}") = "Final", "Final\Final.csproj", "{A0B19534-9200-4AF6-A0C2-10517AD1CDFB}"
EndProject
Project("{9A19103F-16F7-4668-BE54-9A1E7A4F7556}") = "Starter", "Starter\Starter.csproj", "{395B3358-BD99-4516-AF15-404A1C8EE926}"
EndProject
Global
	GlobalSection(SolutionConfigurationPlatforms) = preSolution
		Debug|Any CPU = Debug|Any CPU
		Release|Any CPU = Release|Any CPU
	EndGlobalSection
	GlobalSection(ProjectConfigurationPlatforms) = postSolution
		{A0B19534-9200-4AF6-A0C2-10517AD1CDFB}.Debug|Any CPU.ActiveCfg = Debug|Any CPU
		{A0B19534-9200-4AF6-A0C2-10517AD1CDFB}.Debug|Any CPU.Build.0 = Debug|Any CPU
		{A0B19534-9200-4AF6-A0C2-10517AD1CDFB}.Release|Any CPU.ActiveCfg = Release|Any CPU
		{A0B19534-9200-4AF6-A0C2-10517AD1CDFB}.Release|Any CPU.Build.0 = Release|Any CPU
		{395B3358-BD99-4516-AF15-404A1C8EE926}.Debug|Any CPU.ActiveCfg = Debug|Any CPU
		{395B3358-BD99-4516-AF15-404A1C8EE926}.Debug|Any CPU.Build.0 = Debug|Any CPU
		{395B3358-BD99-4516-AF15-404A1C8EE926}.Release|Any CPU.ActiveCfg = Release|Any CPU
		{395B3358-BD99-4516-AF15-404A1C8EE926}.Release|Any CPU.Build.0 = Release|Any CPU
	EndGlobalSection
	GlobalSection(SolutionProperties) = preSolution
		HideSolutionNode = FALSE
	EndGlobalSection
	GlobalSection(ExtensibilityGlobals) = postSolution
		SolutionGuid = {64BD7E50-AA91-41F0-9C48-E47B917A5386}
	EndGlobalSection
EndGlobal
